PODS:
  - Alamofire (5.4.3)
  - AlamofireRSSParser (2.4.0):
    - Alamofire (~> 5.0)

DEPENDENCIES:
  - Alamofire
  - AlamofireRSSParser

SPEC REPOS:
  trunk:
    - Alamofire
    - AlamofireRSSParser

SPEC CHECKSUMS:
  Alamofire: e447a2774a40c996748296fa2c55112fdbbc42f9
  AlamofireRSSParser: dab86644d4d220b313767c33ef09e7acf11f641a

PODFILE CHECKSUM: 2a78d4aaf64c2077ce0356c8b157fc9f43b14fc8

COCOAPODS: 1.10.1
